
Microsoft Visual Studio Solution File, Format Version 12.00
# Visual Studio Version 16
VisualStudioVersion = 16.0.32510.428
MinimumVisualStudioVersion = 10.0.40219.1
Project("{FAE04EC0-301F-11D3-BF4B-00C04F79EFBC}") = "WebAPI", "WebAPI\WebAPI.csproj", "{1123B00C-9A1B-49F0-B999-1FA9B16B73BD}"
EndProject
Global
	GlobalSection(SolutionConfigurationPlatforms) = preSolution
		Debug|Any CPU = Debug|Any CPU
		Release|Any CPU = Release|Any CPU
	EndGlobalSection
	GlobalSection(ProjectConfigurationPlatforms) = postSolution
		{1123B00C-9A1B-49F0-B999-1FA9B16B73BD}.Debug|Any CPU.ActiveCfg = Debug|Any CPU
		{1123B00C-9A1B-49F0-B999-1FA9B16B73BD}.Debug|Any CPU.Build.0 = Debug|Any CPU
		{1123B00C-9A1B-49F0-B999-1FA9B16B73BD}.Release|Any CPU.ActiveCfg = Release|Any CPU
		{1123B00C-9A1B-49F0-B999-1FA9B16B73BD}.Release|Any CPU.Build.0 = Release|Any CPU
	EndGlobalSection
	GlobalSection(SolutionProperties) = preSolution
		HideSolutionNode = FALSE
	EndGlobalSection
	GlobalSection(ExtensibilityGlobals) = postSolution
		SolutionGuid = {EEE7B870-8634-45F0-89A0-390533B7C8E0}
	EndGlobalSection
EndGlobal
